
Microsoft Visual Studio Solution File, Format Version 12.00
# Visual Studio 2012
Project("{FAE04EC0-301F-11D3-BF4B-00C04F79EFBC}") = "MvvmSample.Desktop", "MvvmSample.Desktop\MvvmSample.Desktop.csproj", "{B2CF4039-7117-4D30-800D-92DF3DB24187}"
EndProject
Project("{FAE04EC0-301F-11D3-BF4B-00C04F79EFBC}") = "MvvmSample.WebMvc", "MvvmSample.WebMvc\MvvmSample.WebMvc.csproj", "{549FBAD6-46BC-4169-850C-E9875E6E35D7}"
EndProject
Project("{00D1A9C2-B5F0-4AF3-8072-F6C62B433612}") = "MvvmSample.Database", "MvvmSample.Database\MvvmSample.Database.sqlproj", "{D1A2FF84-8373-4633-9EEE-3141F836B222}"
EndProject
Project("{FAE04EC0-301F-11D3-BF4B-00C04F79EFBC}") = "MvvmSample.Data", "MvvmSample.Data\MvvmSample.Data.csproj", "{3219A2DB-5DA8-4CF9-B8A6-E8418F3E1A17}"
EndProject
Project("{FAE04EC0-301F-11D3-BF4B-00C04F79EFBC}") = "MvvmSample.DesktopTests", "MvvmSample.DesktopTests\MvvmSample.DesktopTests.csproj", "{3A20DA9D-88AB-4E33-A745-583F9B9B4475}"
EndProject
Project("{2150E333-8FDC-42A3-9474-1A3956D46DE8}") = "Solution Items", "Solution Items", "{87C31A05-6A94-46E9-B567-14AA28D71168}"
	ProjectSection(SolutionItems) = preProject
		Local.testsettings = Local.testsettings
		MvvmSample.vsmdi = MvvmSample.vsmdi
	EndProjectSection
EndProject
Project("{FAE04EC0-301F-11D3-BF4B-00C04F79EFBC}") = "MvvmSample.WebMvcTests", "MvvmSample.WebMvcTests\MvvmSample.WebMvcTests.csproj", "{662DA628-D96C-4BC8-B62B-21B6AF111425}"
EndProject
Project("{FAE04EC0-301F-11D3-BF4B-00C04F79EFBC}") = "MvvmSample.WebMvcLoadTests", "MvvmSample.WebMvcLoadTests\MvvmSample.WebMvcLoadTests.csproj", "{AF0C09A7-1B5C-4D07-B9B4-2BB8502CEDDC}"
EndProject
Global

	GlobalSection(TestCaseManagementSettings) = postSolution
		CategoryFile = MvvmSample.vsmdi
	EndGlobalSection
	GlobalSection(SolutionConfigurationPlatforms) = preSolution
		Debug|Any CPU = Debug|Any CPU
		Release|Any CPU = Release|Any CPU
	EndGlobalSection
	GlobalSection(ProjectConfigurationPlatforms) = postSolution
		{B2CF4039-7117-4D30-800D-92DF3DB24187}.Debug|Any CPU.ActiveCfg = Debug|Any CPU
		{B2CF4039-7117-4D30-800D-92DF3DB24187}.Debug|Any CPU.Build.0 = Debug|Any CPU
		{B2CF4039-7117-4D30-800D-92DF3DB24187}.Release|Any CPU.ActiveCfg = Release|Any CPU
		{B2CF4039-7117-4D30-800D-92DF3DB24187}.Release|Any CPU.Build.0 = Release|Any CPU
		{549FBAD6-46BC-4169-850C-E9875E6E35D7}.Debug|Any CPU.ActiveCfg = Debug|Any CPU
		{549FBAD6-46BC-4169-850C-E9875E6E35D7}.Debug|Any CPU.Build.0 = Debug|Any CPU
		{549FBAD6-46BC-4169-850C-E9875E6E35D7}.Release|Any CPU.ActiveCfg = Release|Any CPU
		{549FBAD6-46BC-4169-850C-E9875E6E35D7}.Release|Any CPU.Build.0 = Release|Any CPU
		{D1A2FF84-8373-4633-9EEE-3141F836B222}.Debug|Any CPU.ActiveCfg = Debug|Any CPU
		{D1A2FF84-8373-4633-9EEE-3141F836B222}.Debug|Any CPU.Build.0 = Debug|Any CPU
		{D1A2FF84-8373-4633-9EEE-3141F836B222}.Debug|Any CPU.Deploy.0 = Debug|Any CPU
		{D1A2FF84-8373-4633-9EEE-3141F836B222}.Release|Any CPU.ActiveCfg = Release|Any CPU
		{D1A2FF84-8373-4633-9EEE-3141F836B222}.Release|Any CPU.Build.0 = Release|Any CPU
		{D1A2FF84-8373-4633-9EEE-3141F836B222}.Release|Any CPU.Deploy.0 = Release|Any CPU
		{3219A2DB-5DA8-4CF9-B8A6-E8418F3E1A17}.Debug|Any CPU.ActiveCfg = Debug|Any CPU
		{3219A2DB-5DA8-4CF9-B8A6-E8418F3E1A17}.Debug|Any CPU.Build.0 = Debug|Any CPU
		{3219A2DB-5DA8-4CF9-B8A6-E8418F3E1A17}.Release|Any CPU.ActiveCfg = Release|Any CPU
		{3219A2DB-5DA8-4CF9-B8A6-E8418F3E1A17}.Release|Any CPU.Build.0 = Release|Any CPU
		{3A20DA9D-88AB-4E33-A745-583F9B9B4475}.Debug|Any CPU.ActiveCfg = Debug|Any CPU
		{3A20DA9D-88AB-4E33-A745-583F9B9B4475}.Debug|Any CPU.Build.0 = Debug|Any CPU
		{3A20DA9D-88AB-4E33-A745-583F9B9B4475}.Release|Any CPU.ActiveCfg = Release|Any CPU
		{3A20DA9D-88AB-4E33-A745-583F9B9B4475}.Release|Any CPU.Build.0 = Release|Any CPU
		{662DA628-D96C-4BC8-B62B-21B6AF111425}.Debug|Any CPU.ActiveCfg = Debug|Any CPU
		{662DA628-D96C-4BC8-B62B-21B6AF111425}.Debug|Any CPU.Build.0 = Debug|Any CPU
		{662DA628-D96C-4BC8-B62B-21B6AF111425}.Release|Any CPU.ActiveCfg = Release|Any CPU
		{662DA628-D96C-4BC8-B62B-21B6AF111425}.Release|Any CPU.Build.0 = Release|Any CPU
		{AF0C09A7-1B5C-4D07-B9B4-2BB8502CEDDC}.Debug|Any CPU.ActiveCfg = Debug|Any CPU
		{AF0C09A7-1B5C-4D07-B9B4-2BB8502CEDDC}.Debug|Any CPU.Build.0 = Debug|Any CPU
		{AF0C09A7-1B5C-4D07-B9B4-2BB8502CEDDC}.Release|Any CPU.ActiveCfg = Release|Any CPU
		{AF0C09A7-1B5C-4D07-B9B4-2BB8502CEDDC}.Release|Any CPU.Build.0 = Release|Any CPU
	EndGlobalSection
	GlobalSection(SolutionProperties) = preSolution
		HideSolutionNode = FALSE
	EndGlobalSection
EndGlobal
